
Microsoft Visual Studio Solution File, Format Version 12.00
# Visual Studio for Mac
Project("{FAE04EC0-301F-11D3-BF4B-00C04F79EFBC}") = "VuforiaScripts", "VuforiaScripts.csproj", "{92EFF2C7-2778-E141-F950-8CD66AC36D48}"
EndProject
Project("{FAE04EC0-301F-11D3-BF4B-00C04F79EFBC}") = "Assembly-CSharp", "Assembly-CSharp.csproj", "{C3564351-C7D9-C537-B1E2-D818AC29A869}"
EndProject
Project("{FAE04EC0-301F-11D3-BF4B-00C04F79EFBC}") = "VuforiaEditorScripts", "VuforiaEditorScripts.csproj", "{09D3494E-70A8-4EAA-833E-D9FDB24B3713}"
EndProject
Global
	GlobalSection(SolutionConfigurationPlatforms) = preSolution
		Debug|Any CPU = Debug|Any CPU
		Release|Any CPU = Release|Any CPU
	EndGlobalSection
	GlobalSection(ProjectConfigurationPlatforms) = postSolution
		{92EFF2C7-2778-E141-F950-8CD66AC36D48}.Debug|Any CPU.ActiveCfg = Debug|Any CPU
		{92EFF2C7-2778-E141-F950-8CD66AC36D48}.Debug|Any CPU.Build.0 = Debug|Any CPU
		{92EFF2C7-2778-E141-F950-8CD66AC36D48}.Release|Any CPU.ActiveCfg = Release|Any CPU
		{92EFF2C7-2778-E141-F950-8CD66AC36D48}.Release|Any CPU.Build.0 = Release|Any CPU
		{C3564351-C7D9-C537-B1E2-D818AC29A869}.Debug|Any CPU.ActiveCfg = Debug|Any CPU
		{C3564351-C7D9-C537-B1E2-D818AC29A869}.Debug|Any CPU.Build.0 = Debug|Any CPU
		{C3564351-C7D9-C537-B1E2-D818AC29A869}.Release|Any CPU.ActiveCfg = Release|Any CPU
		{C3564351-C7D9-C537-B1E2-D818AC29A869}.Release|Any CPU.Build.0 = Release|Any CPU
		{09D3494E-70A8-4EAA-833E-D9FDB24B3713}.Debug|Any CPU.ActiveCfg = Debug|Any CPU
		{09D3494E-70A8-4EAA-833E-D9FDB24B3713}.Debug|Any CPU.Build.0 = Debug|Any CPU
		{09D3494E-70A8-4EAA-833E-D9FDB24B3713}.Release|Any CPU.ActiveCfg = Release|Any CPU
		{09D3494E-70A8-4EAA-833E-D9FDB24B3713}.Release|Any CPU.Build.0 = Release|Any CPU
	EndGlobalSection
	GlobalSection(SolutionProperties) = preSolution
		HideSolutionNode = FALSE
	EndGlobalSection
EndGlobal
